version = 1
revision = 3
requires-python = ">=3.14"

[[package]]
name = "grapheme"
version = "0.6.0"
source = { registry = "https://pypi.org/simple" }
sdist = { url = "https://files.pythonhosted.org/packages/ce/e7/bbaab0d2a33e07c8278910c1d0d8d4f3781293dfbc70b5c38197159046bf/grapheme-0.6.0.tar.gz", hash = "sha256:44c2b9f21bbe77cfb05835fec230bd435954275267fea1858013b102f8603cca", size = 207306, upload-time = "2020-03-07T17:13:55.492Z" }

[[package]]
name = "graphemes-plusplus"
version = "0.1.0"
source = { editable = "." }
dependencies = [
    { name = "grapheme" },
    { name = "textdistance" },
]

[package.metadata]
requires-dist = [
    { name = "grapheme", specifier = ">=0.6.0" },
    { name = "textdistance", specifier = ">=4.6.3" },
]

[[package]]
name = "textdistance"
version = "4.6.3"
source = { registry = "https://pypi.org/simple" }
sdist = { url = "https://files.pythonhosted.org/packages/01/68/97ac72dd781301d6a52140066c68400c96f1a91f69737959e414844749b0/textdistance-4.6.3.tar.gz", hash = "sha256:d6dabc50b4ea832cdcf0e1e6021bd0c7fcd9ade155888d79bb6a3c31fce2dc6f", size = 32710, upload-time = "2024-07-16T09:34:54.09Z" }
wheels = [
    { url = "https://files.pythonhosted.org/packages/c6/c2/c62601c858010b0513a6434b9be19bd740533a6e861eddfd30b7258d92a0/textdistance-4.6.3-py3-none-any.whl", hash = "sha256:0cb1b2cc8e3339ddc3e0f8c870e49fb49de6ecc42a718917308b3c971f34aa56", size = 31263, upload-time = "2024-07-16T09:34:51.082Z" },
]
