version = 1
revision = 3
requires-python = ">=3.14"

[[package]]
name = "grapheme"
version = "0.6.0"
source = { registry = "https://pypi.org/simple" }
sdist = { url = "https://files.pythonhosted.org/packages/ce/e7/bbaab0d2a33e07c8278910c1d0d8d4f3781293dfbc70b5c38197159046bf/grapheme-0.6.0.tar.gz", hash = "sha256:44c2b9f21bbe77cfb05835fec230bd435954275267fea1858013b102f8603cca", size = 207306, upload-time = "2020-03-07T17:13:55.492Z" }

[[package]]
name = "graphemes-plusplus"
version = "0.1.0"
source = { editable = "." }
dependencies = [
    { name = "grapheme" },
]

[package.metadata]
requires-dist = [{ name = "grapheme", specifier = ">=0.6.0" }]
